
Microsoft Visual Studio Solution File, Format Version 12.00
# Visual Studio 2013
VisualStudioVersion = 12.0.31101.0
MinimumVisualStudioVersion = 10.0.40219.1
Project("{FAE04EC0-301F-11D3-BF4B-00C04F79EFBC}") = "Intro", "WpfApplication2\Intro.csproj", "{DA91C3BA-C65F-4E5C-AEB3-2CBCE5A5D87B}"
EndProject
Project("{2150E333-8FDC-42A3-9474-1A3956D46DE8}") = "Solution Items", "Solution Items", "{ABEE8A82-E0DA-4A5C-B798-6FFEA902C512}"
	ProjectSection(SolutionItems) = preProject
		WpfApplication2\Assets\Images\Backgrounds\IntroScreen.jpg = WpfApplication2\Assets\Images\Backgrounds\IntroScreen.jpg
	EndProjectSection
EndProject
Global
	GlobalSection(SolutionConfigurationPlatforms) = preSolution
		Debug|Any CPU = Debug|Any CPU
		Release|Any CPU = Release|Any CPU
	EndGlobalSection
	GlobalSection(ProjectConfigurationPlatforms) = postSolution
		{DA91C3BA-C65F-4E5C-AEB3-2CBCE5A5D87B}.Debug|Any CPU.ActiveCfg = Debug|Any CPU
		{DA91C3BA-C65F-4E5C-AEB3-2CBCE5A5D87B}.Debug|Any CPU.Build.0 = Debug|Any CPU
		{DA91C3BA-C65F-4E5C-AEB3-2CBCE5A5D87B}.Release|Any CPU.ActiveCfg = Release|Any CPU
		{DA91C3BA-C65F-4E5C-AEB3-2CBCE5A5D87B}.Release|Any CPU.Build.0 = Release|Any CPU
	EndGlobalSection
	GlobalSection(SolutionProperties) = preSolution
		HideSolutionNode = FALSE
	EndGlobalSection
EndGlobal
